
Microsoft Visual Studio Solution File, Format Version 12.00
# Visual Studio Version 17
VisualStudioVersion = 17.8.34309.116
MinimumVisualStudioVersion = 10.0.40219.1
Project("{8BC9CEB8-8B4A-11D0-8D11-00A0C91BC942}") = "mycraft", "mycraft\mycraft.vcxproj", "{F9DC7CD5-0854-4B9B-BDAA-A9DF4E48BBAF}"
EndProject
Project("{8BC9CEB8-8B4A-11D0-8D11-00A0C91BC942}") = "klibrary", "klibrary\klibrary.vcxproj", "{35AE6EDF-2CDD-47CF-9D9A-9AA264484F3C}"
EndProject
Global
	GlobalSection(SolutionConfigurationPlatforms) = preSolution
		Debug|x64 = Debug|x64
		Release|x64 = Release|x64
	EndGlobalSection
	GlobalSection(ProjectConfigurationPlatforms) = postSolution
		{F9DC7CD5-0854-4B9B-BDAA-A9DF4E48BBAF}.Debug|x64.ActiveCfg = Debug|x64
		{F9DC7CD5-0854-4B9B-BDAA-A9DF4E48BBAF}.Debug|x64.Build.0 = Debug|x64
		{F9DC7CD5-0854-4B9B-BDAA-A9DF4E48BBAF}.Release|x64.ActiveCfg = Release|x64
		{F9DC7CD5-0854-4B9B-BDAA-A9DF4E48BBAF}.Release|x64.Build.0 = Release|x64
		{35AE6EDF-2CDD-47CF-9D9A-9AA264484F3C}.Debug|x64.ActiveCfg = Debug|x64
		{35AE6EDF-2CDD-47CF-9D9A-9AA264484F3C}.Debug|x64.Build.0 = Debug|x64
		{35AE6EDF-2CDD-47CF-9D9A-9AA264484F3C}.Release|x64.ActiveCfg = Release|x64
		{35AE6EDF-2CDD-47CF-9D9A-9AA264484F3C}.Release|x64.Build.0 = Release|x64
	EndGlobalSection
	GlobalSection(SolutionProperties) = preSolution
		HideSolutionNode = FALSE
	EndGlobalSection
	GlobalSection(ExtensibilityGlobals) = postSolution
		SolutionGuid = {005AA129-359D-46E4-BDFC-92C22BDDBB8B}
	EndGlobalSection
EndGlobal
